// !$*UTF8*$!
{
	archiveVersion = 1;
	classes = {
	};
	objectVersion = 46;
	objects = {

/* Begin PBXBuildFile section */
		F29EDC531EBE026B00A5E83B /* main.m in Sources */ = {isa = PBXBuildFile; fileRef = F29EDC521EBE026B00A5E83B /* main.m */; };
		F29EDC561EBE026B00A5E83B /* AppDelegate.m in Sources */ = {isa = PBXBuildFile; fileRef = F29EDC551EBE026B00A5E83B /* AppDelegate.m */; };
		F29EDC591EBE026B00A5E83B /* ViewController.m in Sources */ = {isa = PBXBuildFile; fileRef = F29EDC581EBE026B00A5E83B /* ViewController.m */; };
		F29EDC5C1EBE026B00A5E83B /* Main.storyboard in Resources */ = {isa = PBXBuildFile; fileRef = F29EDC5A1EBE026B00A5E83B /* Main.storyboard */; };
		F29EDC5E1EBE026B00A5E83B /* Assets.xcassets in Resources */ = {isa = PBXBuildFile; fileRef = F29EDC5D1EBE026B00A5E83B /* Assets.xcassets */; };
		F29EDC611EBE026B00A5E83B /* LaunchScreen.storyboard in Resources */ = {isa = PBXBuildFile; fileRef = F29EDC5F1EBE026B00A5E83B /* LaunchScreen.storyboard */; };
		F29EDC6C1EBE026C00A5E83B /* MuxiaTests.m in Sources */ = {isa = PBXBuildFile; fileRef = F29EDC6B1EBE026C00A5E83B /* MuxiaTests.m */; };
		F29EDC771EBE026C00A5E83B /* MuxiaUITests.m in Sources */ = {isa = PBXBuildFile; fileRef = F29EDC761EBE026C00A5E83B /* MuxiaUITests.m */; };
/* End PBXBuildFile section */

/* Begin PBXContainerItemProxy section */
		F29EDC681EBE026B00A5E83B /* PBXContainerItemProxy */ = {
			isa = PBXContainerItemProxy;
			containerPortal = F29EDC461EBE026B00A5E83B /* Project object */;
			proxyType = 1;
			remoteGlobalIDString = F29EDC4D1EBE026B00A5E83B;
			remoteInfo = Muxia;
		};
		F29EDC731EBE026C00A5E83B /* PBXContainerItemProxy */ = {
			isa = PBXContainerItemProxy;
			containerPortal = F29EDC461EBE026B00A5E83B /* Project object */;
			proxyType = 1;
			remoteGlobalIDString = F29EDC4D1EBE026B00A5E83B;
			remoteInfo = Muxia;
		};
/* End PBXContainerItemProxy section */

/* Begin PBXFileReference section */
		F29EDC4E1EBE026B00A5E83B /* Muxia.app */ = {isa = PBXFileReference; explicitFileType = wrapper.application; includeInIndex = 0; path = Muxia.app; sourceTree = BUILT_PRODUCTS_DIR; };
		F29EDC521EBE026B00A5E83B /* main.m */ = {isa = PBXFileReference; lastKnownFileType = sourcecode.c.objc; path = main.m; sourceTree = "<group>"; };
		F29EDC541EBE026B00A5E83B /* AppDelegate.h */ = {isa = PBXFileReference; lastKnownFileType = sourcecode.c.h; path = AppDelegate.h; sourceTree = "<group>"; };
		F29EDC551EBE026B00A5E83B /* AppDelegate.m */ = {isa = PBXFileReference; lastKnownFileType = sourcecode.c.objc; path = AppDelegate.m; sourceTree = "<group>"; };
		F29EDC571EBE026B00A5E83B /* ViewController.h */ = {isa = PBXFileReference; lastKnownFileType = sourcecode.c.h; path = ViewController.h; sourceTree = "<group>"; };
		F29EDC581EBE026B00A5E83B /* ViewController.m */ = {isa = PBXFileReference; lastKnownFileType = sourcecode.c.objc; path = ViewController.m; sourceTree = "<group>"; };
		F29EDC5B1EBE026B00A5E83B /* Base */ = {isa = PBXFileReference; lastKnownFileType = file.storyboard; name = Base; path = Base.lproj/Main.storyboard; sourceTree = "<group>"; };
		F29EDC5D1EBE026B00A5E83B /* Assets.xcassets */ = {isa = PBXFileReference; lastKnownFileType = folder.assetcatalog; path = Assets.xcassets; sourceTree = "<group>"; };
		F29EDC601EBE026B00A5E83B /* Base */ = {isa = PBXFileReference; lastKnownFileType = file.storyboard; name = Base; path = Base.lproj/LaunchScreen.storyboard; sourceTree = "<group>"; };
		F29EDC621EBE026B00A5E83B /* Info.plist */ = {isa = PBXFileReference; lastKnownFileType = text.plist.xml; path = Info.plist; sourceTree = "<group>"; };
		F29EDC671EBE026B00A5E83B /* MuxiaTests.xctest */ = {isa = PBXFileReference; explicitFileType = wrapper.cfbundle; includeInIndex = 0; path = MuxiaTests.xctest; sourceTree = BUILT_PRODUCTS_DIR; };
		F29EDC6B1EBE026C00A5E83B /* MuxiaTests.m */ = {isa = PBXFileReference; lastKnownFileType = sourcecode.c.objc; path = MuxiaTests.m; sourceTree = "<group>"; };
		F29EDC6D1EBE026C00A5E83B /* Info.plist */ = {isa = PBXFileReference; lastKnownFileType = text.plist.xml; path = Info.plist; sourceTree = "<group>"; };
		F29EDC721EBE026C00A5E83B /* MuxiaUITests.xctest */ = {isa = PBXFileReference; explicitFileType = wrapper.cfbundle; includeInIndex = 0; path = MuxiaUITests.xctest; sourceTree = BUILT_PRODUCTS_DIR; };
		F29EDC761EBE026C00A5E83B /* MuxiaUITests.m */ = {isa = PBXFileReference; lastKnownFileType = sourcecode.c.objc; path = MuxiaUITests.m; sourceTree = "<group>"; };
		F29EDC781EBE026C00A5E83B /* Info.plist */ = {isa = PBXFileReference; lastKnownFileType = text.plist.xml; path = Info.plist; sourceTree = "<group>"; };
/* End PBXFileReference section */

/* Begin PBXFrameworksBuildPhase section */
		F29EDC4B1EBE026B00A5E83B /* Frameworks */ = {
			isa = PBXFrameworksBuildPhase;
			buildActionMask = 2147483647;
			files = (
			);
			runOnlyForDeploymentPostprocessing = 0;
		};
		F29EDC641EBE026B00A5E83B /* Frameworks */ = {
			isa = PBXFrameworksBuildPhase;
			buildActionMask = 2147483647;
			files = (
			);
			runOnlyForDeploymentPostprocessing = 0;
		};
		F29EDC6F1EBE026C00A5E83B /* Frameworks */ = {
			isa = PBXFrameworksBuildPhase;
			buildActionMask = 2147483647;
			files = (
			);
			runOnlyForDeploymentPostprocessing = 0;
		};
/* End PBXFrameworksBuildPhase section */

/* Begin PBXGroup section */
		F29EDC451EBE026B00A5E83B = {
			isa = PBXGroup;
			children = (
				F29EDC501EBE026B00A5E83B /* Muxia */,
				F29EDC6A1EBE026C00A5E83B /* MuxiaTests */,
				F29EDC751EBE026C00A5E83B /* MuxiaUITests */,
				F29EDC4F1EBE026B00A5E83B /* Products */,
			);
			sourceTree = "<group>";
		};
		F29EDC4F1EBE026B00A5E83B /* Products */ = {
			isa = PBXGroup;
			children = (
				F29EDC4E1EBE026B00A5E83B /* Muxia.app */,
				F29EDC671EBE026B00A5E83B /* MuxiaTests.xctest */,
				F29EDC721EBE026C00A5E83B /* MuxiaUITests.xctest */,
			);
			name = Products;
			sourceTree = "<group>";
		};
		F29EDC501EBE026B00A5E83B /* Muxia */ = {
			isa = PBXGroup;
			children = (
				F29EDC541EBE026B00A5E83B /* AppDelegate.h */,
				F29EDC551EBE026B00A5E83B /* AppDelegate.m */,
				F29EDC571EBE026B00A5E83B /* ViewController.h */,
				F29EDC581EBE026B00A5E83B /* ViewController.m */,
				F29EDC5A1EBE026B00A5E83B /* Main.storyboard */,
				F29EDC5D1EBE026B00A5E83B /* Assets.xcassets */,
				F29EDC5F1EBE026B00A5E83B /* LaunchScreen.storyboard */,
				F29EDC621EBE026B00A5E83B /* Info.plist */,
				F29EDC511EBE026B00A5E83B /* Supporting Files */,
			);
			path = Muxia;
			sourceTree = "<group>";
		};
		F29EDC511EBE026B00A5E83B /* Supporting Files */ = {
			isa = PBXGroup;
			children = (
				F29EDC521EBE026B00A5E83B /* main.m */,
			);
			name = "Supporting Files";
			sourceTree = "<group>";
		};
		F29EDC6A1EBE026C00A5E83B /* MuxiaTests */ = {
			isa = PBXGroup;
			children = (
				F29EDC6B1EBE026C00A5E83B /* MuxiaTests.m */,
				F29EDC6D1EBE026C00A5E83B /* Info.plist */,
			);
			path = MuxiaTests;
			sourceTree = "<group>";
		};
		F29EDC751EBE026C00A5E83B /* MuxiaUITests */ = {
			isa = PBXGroup;
			children = (
				F29EDC761EBE026C00A5E83B /* MuxiaUITests.m */,
				F29EDC781EBE026C00A5E83B /* Info.plist */,
			);
			path = MuxiaUITests;
			sourceTree = "<group>";
		};
/* End PBXGroup section */

/* Begin PBXNativeTarget section */
		F29EDC4D1EBE026B00A5E83B /* Muxia */ = {
			isa = PBXNativeTarget;
			buildConfigurationList = F29EDC7B1EBE026C00A5E83B /* Build configuration list for PBXNativeTarget "Muxia" */;
			buildPhases = (
				F29EDC4A1EBE026B00A5E83B /* Sources */,
				F29EDC4B1EBE026B00A5E83B /* Frameworks */,
				F29EDC4C1EBE026B00A5E83B /* Resources */,
			);
			buildRules = (
			);
			dependencies = (
			);
			name = Muxia;
			productName = Muxia;
			productReference = F29EDC4E1EBE026B00A5E83B /* Muxia.app */;
			productType = "com.apple.product-type.application";
		};
		F29EDC661EBE026B00A5E83B /* MuxiaTests */ = {
			isa = PBXNativeTarget;
			buildConfigurationList = F29EDC7E1EBE026C00A5E83B /* Build configuration list for PBXNativeTarget "MuxiaTests" */;
			buildPhases = (
				F29EDC631EBE026B00A5E83B /* Sources */,
				F29EDC641EBE026B00A5E83B /* Frameworks */,
				F29EDC651EBE026B00A5E83B /* Resources */,
			);
			buildRules = (
			);
			dependencies = (
				F29EDC691EBE026B00A5E83B /* PBXTargetDependency */,
			);
			name = MuxiaTests;
			productName = MuxiaTests;
			productReference = F29EDC671EBE026B00A5E83B /* MuxiaTests.xctest */;
			productType = "com.apple.product-type.bundle.unit-test";
		};
		F29EDC711EBE026C00A5E83B /* MuxiaUITests */ = {
			isa = PBXNativeTarget;
			buildConfigurationList = F29EDC811EBE026C00A5E83B /* Build configuration list for PBXNativeTarget "MuxiaUITests" */;
			buildPhases = (
				F29EDC6E1EBE026C00A5E83B /* Sources */,
				F29EDC6F1EBE026C00A5E83B /* Frameworks */,
				F29EDC701EBE026C00A5E83B /* Resources */,
			);
			buildRules = (
			);
			dependencies = (
				F29EDC741EBE026C00A5E83B /* PBXTargetDependency */,
			);
			name = MuxiaUITests;
			productName = MuxiaUITests;
			productReference = F29EDC721EBE026C00A5E83B /* MuxiaUITests.xctest */;
			productType = "com.apple.product-type.bundle.ui-testing";
		};
/* End PBXNativeTarget section */

/* Begin PBXProject section */
		F29EDC461EBE026B00A5E83B /* Project object */ = {
			isa = PBXProject;
			attributes = {
				LastUpgradeCheck = 0830;
				ORGANIZATIONNAME = "jack young";
				TargetAttributes = {
					F29EDC4D1EBE026B00A5E83B = {
						CreatedOnToolsVersion = 8.3.2;
						DevelopmentTeam = 3JTPEA4UU7;
						ProvisioningStyle = Automatic;
					};
					F29EDC661EBE026B00A5E83B = {
						CreatedOnToolsVersion = 8.3.2;
						DevelopmentTeam = 3JTPEA4UU7;
						ProvisioningStyle = Automatic;
						TestTargetID = F29EDC4D1EBE026B00A5E83B;
					};
					F29EDC711EBE026C00A5E83B = {
						CreatedOnToolsVersion = 8.3.2;
						DevelopmentTeam = 3JTPEA4UU7;
						ProvisioningStyle = Automatic;
						TestTargetID = F29EDC4D1EBE026B00A5E83B;
					};
				};
			};
			buildConfigurationList = F29EDC491EBE026B00A5E83B /* Build configuration list for PBXProject "Muxia" */;
			compatibilityVersion = "Xcode 3.2";
			developmentRegion = English;
			hasScannedForEncodings = 0;
			knownRegions = (
				en,
				Base,
			);
			mainGroup = F29EDC451EBE026B00A5E83B;
			productRefGroup = F29EDC4F1EBE026B00A5E83B /* Products */;
			projectDirPath = "";
			projectRoot = "";
			targets = (
				F29EDC4D1EBE026B00A5E83B /* Muxia */,
				F29EDC661EBE026B00A5E83B /* MuxiaTests */,
				F29EDC711EBE026C00A5E83B /* MuxiaUITests */,
			);
		};
/* End PBXProject section */

/* Begin PBXResourcesBuildPhase section */
		F29EDC4C1EBE026B00A5E83B /* Resources */ = {
			isa = PBXResourcesBuildPhase;
			buildActionMask = 2147483647;
			files = (
				F29EDC611EBE026B00A5E83B /* LaunchScreen.storyboard in Resources */,
				F29EDC5E1EBE026B00A5E83B /* Assets.xcassets in Resources */,
				F29EDC5C1EBE026B00A5E83B /* Main.storyboard in Resources */,
			);
			runOnlyForDeploymentPostprocessing = 0;
		};
		F29EDC651EBE026B00A5E83B /* Resources */ = {
			isa = PBXResourcesBuildPhase;
			buildActionMask = 2147483647;
			files = (
			);
			runOnlyForDeploymentPostprocessing = 0;
		};
		F29EDC701EBE026C00A5E83B /* Resources */ = {
			isa = PBXResourcesBuildPhase;
			buildActionMask = 2147483647;
			files = (
			);
			runOnlyForDeploymentPostprocessing = 0;
		};
/* End PBXResourcesBuildPhase section */

/* Begin PBXSourcesBuildPhase section */
		F29EDC4A1EBE026B00A5E83B /* Sources */ = {
			isa = PBXSourcesBuildPhase;
			buildActionMask = 2147483647;
			files = (
				F29EDC591EBE026B00A5E83B /* ViewController.m in Sources */,
				F29EDC561EBE026B00A5E83B /* AppDelegate.m in Sources */,
				F29EDC531EBE026B00A5E83B /* main.m in Sources */,
			);
			runOnlyForDeploymentPostprocessing = 0;
		};
		F29EDC631EBE026B00A5E83B /* Sources */ = {
			isa = PBXSourcesBuildPhase;
			buildActionMask = 2147483647;
			files = (
				F29EDC6C1EBE026C00A5E83B /* MuxiaTests.m in Sources */,
			);
			runOnlyForDeploymentPostprocessing = 0;
		};
		F29EDC6E1EBE026C00A5E83B /* Sources */ = {
			isa = PBXSourcesBuildPhase;
			buildActionMask = 2147483647;
			files = (
				F29EDC771EBE026C00A5E83B /* MuxiaUITests.m in Sources */,
			);
			runOnlyForDeploymentPostprocessing = 0;
		};
/* End PBXSourcesBuildPhase section */

/* Begin PBXTargetDependency section */
		F29EDC691EBE026B00A5E83B /* PBXTargetDependency */ = {
			isa = PBXTargetDependency;
			target = F29EDC4D1EBE026B00A5E83B /* Muxia */;
			targetProxy = F29EDC681EBE026B00A5E83B /* PBXContainerItemProxy */;
		};
		F29EDC741EBE026C00A5E83B /* PBXTargetDependency */ = {
			isa = PBXTargetDependency;
			target = F29EDC4D1EBE026B00A5E83B /* Muxia */;
			targetProxy = F29EDC731EBE026C00A5E83B /* PBXContainerItemProxy */;
		};
/* End PBXTargetDependency section */

/* Begin PBXVariantGroup section */
		F29EDC5A1EBE026B00A5E83B /* Main.storyboard */ = {
			isa = PBXVariantGroup;
			children = (
				F29EDC5B1EBE026B00A5E83B /* Base */,
			);
			name = Main.storyboard;
			sourceTree = "<group>";
		};
		F29EDC5F1EBE026B00A5E83B /* LaunchScreen.storyboard */ = {
			isa = PBXVariantGroup;
			children = (
				F29EDC601EBE026B00A5E83B /* Base */,
			);
			name = LaunchScreen.storyboard;
			sourceTree = "<group>";
		};
/* End PBXVariantGroup section */

/* Begin XCBuildConfiguration section */
		F29EDC791EBE026C00A5E83B /* Debug */ = {
			isa = XCBuildConfiguration;
			buildSettings = {
				ALWAYS_SEARCH_USER_PATHS = NO;
				CLANG_ANALYZER_NONNULL = YES;
				CLANG_ANALYZER_NUMBER_OBJECT_CONVERSION = YES_AGGRESSIVE;
				CLANG_CXX_LANGUAGE_STANDARD = "gnu++0x";
				CLANG_CXX_LIBRARY = "libc++";
				CLANG_ENABLE_MODULES = YES;
				CLANG_ENABLE_OBJC_ARC = YES;
				CLANG_WARN_BOOL_CONVERSION = YES;
				CLANG_WARN_CONSTANT_CONVERSION = YES;
				CLANG_WARN_DIRECT_OBJC_ISA_USAGE = YES_ERROR;
				CLANG_WARN_DOCUMENTATION_COMMENTS = YES;
				CLANG_WARN_EMPTY_BODY = YES;
				CLANG_WARN_ENUM_CONVERSION = YES;
				CLANG_WARN_INFINITE_RECURSION = YES;
				CLANG_WARN_INT_CONVERSION = YES;
				CLANG_WARN_OBJC_ROOT_CLASS = YES_ERROR;
				CLANG_WARN_SUSPICIOUS_MOVE = YES;
				CLANG_WARN_UNREACHABLE_CODE = YES;
				CLANG_WARN__DUPLICATE_METHOD_MATCH = YES;
				"CODE_SIGN_IDENTITY[sdk=iphoneos*]" = "iPhone Developer";
				COPY_PHASE_STRIP = NO;
				DEBUG_INFORMATION_FORMAT = dwarf;
				ENABLE_STRICT_OBJC_MSGSEND = YES;
				ENABLE_TESTABILITY = YES;
				GCC_C_LANGUAGE_STANDARD = gnu99;
				GCC_DYNAMIC_NO_PIC = NO;
				GCC_NO_COMMON_BLOCKS = YES;
				GCC_OPTIMIZATION_LEVEL = 0;
				GCC_PREPROCESSOR_DEFINITIONS = (
					"DEBUG=1",
					"$(inherited)",
				);
				GCC_WARN_64_TO_32_BIT_CONVERSION = YES;
				GCC_WARN_ABOUT_RETURN_TYPE = YES_ERROR;
				GCC_WARN_UNDECLARED_SELECTOR = YES;
				GCC_WARN_UNINITIALIZED_AUTOS = YES_AGGRESSIVE;
				GCC_WARN_UNUSED_FUNCTION = YES;
				GCC_WARN_UNUSED_VARIABLE = YES;
				IPHONEOS_DEPLOYMENT_TARGET = 10.3;
				MTL_ENABLE_DEBUG_INFO = YES;
				ONLY_ACTIVE_ARCH = YES;
				SDKROOT = iphoneos;
				TARGETED_DEVICE_FAMILY = "1,2";
			};
			name = Debug;
		};
		F29EDC7A1EBE026C00A5E83B /* Release */ = {
			isa = XCBuildConfiguration;
			buildSettings = {
				ALWAYS_SEARCH_USER_PATHS = NO;
				CLANG_ANALYZER_NONNULL = YES;
				CLANG_ANALYZER_NUMBER_OBJECT_CONVERSION = YES_AGGRESSIVE;
				CLANG_CXX_LANGUAGE_STANDARD = "gnu++0x";
				CLANG_CXX_LIBRARY = "libc++";
				CLANG_ENABLE_MODULES = YES;
				CLANG_ENABLE_OBJC_ARC = YES;
				CLANG_WARN_BOOL_CONVERSION = YES;
				CLANG_WARN_CONSTANT_CONVERSION = YES;
				CLANG_WARN_DIRECT_OBJC_ISA_USAGE = YES_ERROR;
				CLANG_WARN_DOCUMENTATION_COMMENTS = YES;
				CLANG_WARN_EMPTY_BODY = YES;
				CLANG_WARN_ENUM_CONVERSION = YES;
				CLANG_WARN_INFINITE_RECURSION = YES;
				CLANG_WARN_INT_CONVERSION = YES;
				CLANG_WARN_OBJC_ROOT_CLASS = YES_ERROR;
				CLANG_WARN_SUSPICIOUS_MOVE = YES;
				CLANG_WARN_UNREACHABLE_CODE = YES;
				CLANG_WARN__DUPLICATE_METHOD_MATCH = YES;
				"CODE_SIGN_IDENTITY[sdk=iphoneos*]" = "iPhone Developer";
				COPY_PHASE_STRIP = NO;
				DEBUG_INFORMATION_FORMAT = "dwarf-with-dsym";
				ENABLE_NS_ASSERTIONS = NO;
				ENABLE_STRICT_OBJC_MSGSEND = YES;
				GCC_C_LANGUAGE_STANDARD = gnu99;
				GCC_NO_COMMON_BLOCKS = YES;
				GCC_WARN_64_TO_32_BIT_CONVERSION = YES;
				GCC_WARN_ABOUT_RETURN_TYPE = YES_ERROR;
				GCC_WARN_UNDECLARED_SELECTOR = YES;
				GCC_WARN_UNINITIALIZED_AUTOS = YES_AGGRESSIVE;
				GCC_WARN_UNUSED_FUNCTION = YES;
				GCC_WARN_UNUSED_VARIABLE = YES;
				IPHONEOS_DEPLOYMENT_TARGET = 10.3;
				MTL_ENABLE_DEBUG_INFO = NO;
				SDKROOT = iphoneos;
				TARGETED_DEVICE_FAMILY = "1,2";
				VALIDATE_PRODUCT = YES;
			};
			name = Release;
		};
		F29EDC7C1EBE026C00A5E83B /* Debug */ = {
			isa = XCBuildConfiguration;
			buildSettings = {
				ASSETCATALOG_COMPILER_APPICON_NAME = AppIcon;
				DEVELOPMENT_TEAM = 3JTPEA4UU7;
				INFOPLIST_FILE = Muxia/Info.plist;
				LD_RUNPATH_SEARCH_PATHS = "$(inherited) @executable_path/Frameworks";
				PRODUCT_BUNDLE_IDENTIFIER = com.ies.iphone.muxia.Muxia;
				PRODUCT_NAME = "$(TARGET_NAME)";
			};
			name = Debug;
		};
		F29EDC7D1EBE026C00A5E83B /* Release */ = {
			isa = XCBuildConfiguration;
			buildSettings = {
				ASSETCATALOG_COMPILER_APPICON_NAME = AppIcon;
				DEVELOPMENT_TEAM = 3JTPEA4UU7;
				INFOPLIST_FILE = Muxia/Info.plist;
				LD_RUNPATH_SEARCH_PATHS = "$(inherited) @executable_path/Frameworks";
				PRODUCT_BUNDLE_IDENTIFIER = com.ies.iphone.muxia.Muxia;
				PRODUCT_NAME = "$(TARGET_NAME)";
			};
			name = Release;
		};
		F29EDC7F1EBE026C00A5E83B /* Debug */ = {
			isa = XCBuildConfiguration;
			buildSettings = {
				BUNDLE_LOADER = "$(TEST_HOST)";
				DEVELOPMENT_TEAM = 3JTPEA4UU7;
				INFOPLIST_FILE = MuxiaTests/Info.plist;
				LD_RUNPATH_SEARCH_PATHS = "$(inherited) @executable_path/Frameworks @loader_path/Frameworks";
				PRODUCT_BUNDLE_IDENTIFIER = com.ies.iphone.muxia.MuxiaTests;
				PRODUCT_NAME = "$(TARGET_NAME)";
				TEST_HOST = "$(BUILT_PRODUCTS_DIR)/Muxia.app/Muxia";
			};
			name = Debug;
		};
		F29EDC801EBE026C00A5E83B /* Release */ = {
			isa = XCBuildConfiguration;
			buildSettings = {
				BUNDLE_LOADER = "$(TEST_HOST)";
				DEVELOPMENT_TEAM = 3JTPEA4UU7;
				INFOPLIST_FILE = MuxiaTests/Info.plist;
				LD_RUNPATH_SEARCH_PATHS = "$(inherited) @executable_path/Frameworks @loader_path/Frameworks";
				PRODUCT_BUNDLE_IDENTIFIER = com.ies.iphone.muxia.MuxiaTests;
				PRODUCT_NAME = "$(TARGET_NAME)";
				TEST_HOST = "$(BUILT_PRODUCTS_DIR)/Muxia.app/Muxia";
			};
			name = Release;
		};
		F29EDC821EBE026C00A5E83B /* Debug */ = {
			isa = XCBuildConfiguration;
			buildSettings = {
				DEVELOPMENT_TEAM = 3JTPEA4UU7;
				INFOPLIST_FILE = MuxiaUITests/Info.plist;
				LD_RUNPATH_SEARCH_PATHS = "$(inherited) @executable_path/Frameworks @loader_path/Frameworks";
				PRODUCT_BUNDLE_IDENTIFIER = com.ies.iphone.muxia.MuxiaUITests;
				PRODUCT_NAME = "$(TARGET_NAME)";
				TEST_TARGET_NAME = Muxia;
			};
			name = Debug;
		};
		F29EDC831EBE026C00A5E83B /* Release */ = {
			isa = XCBuildConfiguration;
			buildSettings = {
				DEVELOPMENT_TEAM = 3JTPEA4UU7;
				INFOPLIST_FILE = MuxiaUITests/Info.plist;
				LD_RUNPATH_SEARCH_PATHS = "$(inherited) @executable_path/Frameworks @loader_path/Frameworks";
				PRODUCT_BUNDLE_IDENTIFIER = com.ies.iphone.muxia.MuxiaUITests;
				PRODUCT_NAME = "$(TARGET_NAME)";
				TEST_TARGET_NAME = Muxia;
			};
			name = Release;
		};
/* End XCBuildConfiguration section */

/* Begin XCConfigurationList section */
		F29EDC491EBE026B00A5E83B /* Build configuration list for PBXProject "Muxia" */ = {
			isa = XCConfigurationList;
			buildConfigurations = (
				F29EDC791EBE026C00A5E83B /* Debug */,
				F29EDC7A1EBE026C00A5E83B /* Release */,
			);
			defaultConfigurationIsVisible = 0;
			defaultConfigurationName = Release;
		};
		F29EDC7B1EBE026C00A5E83B /* Build configuration list for PBXNativeTarget "Muxia" */ = {
			isa = XCConfigurationList;
			buildConfigurations = (
				F29EDC7C1EBE026C00A5E83B /* Debug */,
				F29EDC7D1EBE026C00A5E83B /* Release */,
			);
			defaultConfigurationIsVisible = 0;
		};
		F29EDC7E1EBE026C00A5E83B /* Build configuration list for PBXNativeTarget "MuxiaTests" */ = {
			isa = XCConfigurationList;
			buildConfigurations = (
				F29EDC7F1EBE026C00A5E83B /* Debug */,
				F29EDC801EBE026C00A5E83B /* Release */,
			);
			defaultConfigurationIsVisible = 0;
		};
		F29EDC811EBE026C00A5E83B /* Build configuration list for PBXNativeTarget "MuxiaUITests" */ = {
			isa = XCConfigurationList;
			buildConfigurations = (
				F29EDC821EBE026C00A5E83B /* Debug */,
				F29EDC831EBE026C00A5E83B /* Release */,
			);
			defaultConfigurationIsVisible = 0;
		};
/* End XCConfigurationList section */
	};
	rootObject = F29EDC461EBE026B00A5E83B /* Project object */;
}
